
Microsoft Visual Studio Solution File, Format Version 12.00
# Visual Studio Version 17
VisualStudioVersion = 17.1.32421.90
MinimumVisualStudioVersion = 10.0.40219.1
Project("{FAE04EC0-301F-11D3-BF4B-00C04F79EFBC}") = "LogisticsApp", "LogisticsApp.csproj", "{2AD43ABF-8AFB-4583-AFC6-42DA6CFC0F5A}"
EndProject
Global
	GlobalSection(SolutionConfigurationPlatforms) = preSolution
		Debug|Any CPU = Debug|Any CPU
		Release|Any CPU = Release|Any CPU
	EndGlobalSection
	GlobalSection(ProjectConfigurationPlatforms) = postSolution
		{2AD43ABF-8AFB-4583-AFC6-42DA6CFC0F5A}.Debug|Any CPU.ActiveCfg = Debug|Any CPU
		{2AD43ABF-8AFB-4583-AFC6-42DA6CFC0F5A}.Debug|Any CPU.Build.0 = Debug|Any CPU
		{2AD43ABF-8AFB-4583-AFC6-42DA6CFC0F5A}.Release|Any CPU.ActiveCfg = Release|Any CPU
		{2AD43ABF-8AFB-4583-AFC6-42DA6CFC0F5A}.Release|Any CPU.Build.0 = Release|Any CPU
	EndGlobalSection
	GlobalSection(SolutionProperties) = preSolution
		HideSolutionNode = FALSE
	EndGlobalSection
	GlobalSection(ExtensibilityGlobals) = postSolution
		SolutionGuid = {93C14FE6-71AB-4B8B-BA43-1D1F92992763}
	EndGlobalSection
EndGlobal
